
Microsoft Visual Studio Solution File, Format Version 12.00
# Visual Studio Version 16
VisualStudioVersion = 16.0.31205.134
MinimumVisualStudioVersion = 10.0.40219.1
Project("{D954291E-2A0B-460D-934E-DC6B0785DB48}") = "POSONE.Shared", "POSONE\POSONE.Shared\POSONE.Shared.shproj", "{6279C845-92F8-4333-AB99-3D213163593C}"
EndProject
Project("{2150E333-8FDC-42A3-9474-1A3956D46DE8}") = "Platforms", "Platforms", "{0A949665-4553-4F80-9D94-B8BC10C33D09}"
EndProject
Project("{FAE04EC0-301F-11D3-BF4B-00C04F79EFBC}") = "POSONE.Droid", "POSONE\POSONE.Droid\POSONE.Droid.csproj", "{DAAE7883-A6E4-485A-B207-AC665C1343D1}"
EndProject
Project("{FAE04EC0-301F-11D3-BF4B-00C04F79EFBC}") = "POSONE.iOS", "POSONE\POSONE.iOS\POSONE.iOS.csproj", "{814BC377-A3E5-43B0-85D4-A5FF004B314D}"
EndProject
Project("{FAE04EC0-301F-11D3-BF4B-00C04F79EFBC}") = "POSONE.UWP", "POSONE\POSONE.UWP\POSONE.UWP.csproj", "{42C61740-BCC1-4608-8CA7-4899940F3E42}"
EndProject
Project("{FAE04EC0-301F-11D3-BF4B-00C04F79EFBC}") = "POSONE.Wasm", "POSONE\POSONE.Wasm\POSONE.Wasm.csproj", "{F1ACC680-4A59-44FC-9592-95D9ECD41C06}"
EndProject
Project("{FAE04EC0-301F-11D3-BF4B-00C04F79EFBC}") = "POSONE.macOS", "POSONE\POSONE.macOS\POSONE.macOS.csproj", "{F074663F-3F65-4036-AE1A-95D1A2564D17}"
EndProject
Project("{FAE04EC0-301F-11D3-BF4B-00C04F79EFBC}") = "POSONE.Skia.Wpf.Host", "POSONE\POSONE.Skia.Wpf.Host\POSONE.Skia.Wpf.Host.csproj", "{AA399155-C119-4810-901B-D072BC50210D}"
EndProject
Project("{FAE04EC0-301F-11D3-BF4B-00C04F79EFBC}") = "POSONE.Skia.Wpf", "POSONE\POSONE.Skia.Wpf\POSONE.Skia.Wpf.csproj", "{C1943F2A-90DA-42C7-864A-B5C950E58EB5}"
EndProject
Project("{FAE04EC0-301F-11D3-BF4B-00C04F79EFBC}") = "POSONE.Skia.Gtk", "POSONE\POSONE.Skia.Gtk\POSONE.Skia.Gtk.csproj", "{F1DA5D8F-91AC-4B27-B749-9081CB88BA4A}"
EndProject
Project("{FAE04EC0-301F-11D3-BF4B-00C04F79EFBC}") = "POSONE.Skia.Tizen", "POSONE\POSONE.Skia.Tizen\POSONE.Skia.Tizen.csproj", "{E48188D4-B899-44C1-89F6-0501CE8B701D}"
EndProject
Project("{FAE04EC0-301F-11D3-BF4B-00C04F79EFBC}") = "POSONE.Api", "POSONE.Api\POSONE.Api.csproj", "{B4CD5051-DD2D-4F84-83CA-E7FBDC01924B}"
EndProject
Global
	GlobalSection(SharedMSBuildProjectFiles) = preSolution
		POSONE\POSONE.Shared\POSONE.Shared.projitems*{42c61740-bcc1-4608-8ca7-4899940f3e42}*SharedItemsImports = 4
		POSONE\POSONE.Shared\POSONE.Shared.projitems*{6279c845-92f8-4333-ab99-3d213163593c}*SharedItemsImports = 13
		POSONE\POSONE.Shared\POSONE.Shared.projitems*{814bc377-a3e5-43b0-85d4-a5ff004b314d}*SharedItemsImports = 4
		POSONE\POSONE.Shared\POSONE.Shared.projitems*{c1943f2a-90da-42c7-864a-b5c950e58eb5}*SharedItemsImports = 5
		POSONE\POSONE.Shared\POSONE.Shared.projitems*{daae7883-a6e4-485a-b207-ac665c1343d1}*SharedItemsImports = 4
		POSONE\POSONE.Shared\POSONE.Shared.projitems*{e48188d4-b899-44c1-89f6-0501ce8b701d}*SharedItemsImports = 5
		POSONE\POSONE.Shared\POSONE.Shared.projitems*{f074663f-3f65-4036-ae1a-95d1a2564d17}*SharedItemsImports = 4
		POSONE\POSONE.Shared\POSONE.Shared.projitems*{f1acc680-4a59-44fc-9592-95d9ecd41c06}*SharedItemsImports = 5
		POSONE\POSONE.Shared\POSONE.Shared.projitems*{f1da5d8f-91ac-4b27-b749-9081cb88ba4a}*SharedItemsImports = 5
	EndGlobalSection
	GlobalSection(SolutionConfigurationPlatforms) = preSolution
		Ad-Hoc|Any CPU = Ad-Hoc|Any CPU
		Ad-Hoc|ARM = Ad-Hoc|ARM
		Ad-Hoc|ARM64 = Ad-Hoc|ARM64
		Ad-Hoc|iPhone = Ad-Hoc|iPhone
		Ad-Hoc|iPhoneSimulator = Ad-Hoc|iPhoneSimulator
		Ad-Hoc|x64 = Ad-Hoc|x64
		Ad-Hoc|x86 = Ad-Hoc|x86
		AppStore|Any CPU = AppStore|Any CPU
		AppStore|ARM = AppStore|ARM
		AppStore|ARM64 = AppStore|ARM64
		AppStore|iPhone = AppStore|iPhone
		AppStore|iPhoneSimulator = AppStore|iPhoneSimulator
		AppStore|x64 = AppStore|x64
		AppStore|x86 = AppStore|x86
		Debug|Any CPU = Debug|Any CPU
		Debug|ARM = Debug|ARM
		Debug|ARM64 = Debug|ARM64
		Debug|iPhone = Debug|iPhone
		Debug|iPhoneSimulator = Debug|iPhoneSimulator
		Debug|x64 = Debug|x64
		Debug|x86 = Debug|x86
		Release|Any CPU = Release|Any CPU
		Release|ARM = Release|ARM
		Release|ARM64 = Release|ARM64
		Release|iPhone = Release|iPhone
		Release|iPhoneSimulator = Release|iPhoneSimulator
		Release|x64 = Release|x64
		Release|x86 = Release|x86
	EndGlobalSection
	GlobalSection(ProjectConfigurationPlatforms) = postSolution
		{DAAE7883-A6E4-485A-B207-AC665C1343D1}.Ad-Hoc|Any CPU.ActiveCfg = Debug|Any CPU
		{DAAE7883-A6E4-485A-B207-AC665C1343D1}.Ad-Hoc|Any CPU.Build.0 = Debug|Any CPU
		{DAAE7883-A6E4-485A-B207-AC665C1343D1}.Ad-Hoc|Any CPU.Deploy.0 = Debug|Any CPU
		{DAAE7883-A6E4-485A-B207-AC665C1343D1}.Ad-Hoc|ARM.ActiveCfg = Debug|Any CPU
		{DAAE7883-A6E4-485A-B207-AC665C1343D1}.Ad-Hoc|ARM.Build.0 = Debug|Any CPU
		{DAAE7883-A6E4-485A-B207-AC665C1343D1}.Ad-Hoc|ARM.Deploy.0 = Debug|Any CPU
		{DAAE7883-A6E4-485A-B207-AC665C1343D1}.Ad-Hoc|ARM64.ActiveCfg = Debug|Any CPU
		{DAAE7883-A6E4-485A-B207-AC665C1343D1}.Ad-Hoc|ARM64.Build.0 = Debug|Any CPU
		{DAAE7883-A6E4-485A-B207-AC665C1343D1}.Ad-Hoc|ARM64.Deploy.0 = Debug|Any CPU
		{DAAE7883-A6E4-485A-B207-AC665C1343D1}.Ad-Hoc|iPhone.ActiveCfg = Debug|Any CPU
		{DAAE7883-A6E4-485A-B207-AC665C1343D1}.Ad-Hoc|iPhone.Build.0 = Debug|Any CPU
		{DAAE7883-A6E4-485A-B207-AC665C1343D1}.Ad-Hoc|iPhone.Deploy.0 = Debug|Any CPU
		{DAAE7883-A6E4-485A-B207-AC665C1343D1}.Ad-Hoc|iPhoneSimulator.ActiveCfg = Debug|Any CPU
		{DAAE7883-A6E4-485A-B207-AC665C1343D1}.Ad-Hoc|iPhoneSimulator.Build.0 = Debug|Any CPU
		{DAAE7883-A6E4-485A-B207-AC665C1343D1}.Ad-Hoc|iPhoneSimulator.Deploy.0 = Debug|Any CPU
		{DAAE7883-A6E4-485A-B207-AC665C1343D1}.Ad-Hoc|x64.ActiveCfg = Debug|Any CPU
		{DAAE7883-A6E4-485A-B207-AC665C1343D1}.Ad-Hoc|x64.Build.0 = Debug|Any CPU
		{DAAE7883-A6E4-485A-B207-AC665C1343D1}.Ad-Hoc|x64.Deploy.0 = Debug|Any CPU
		{DAAE7883-A6E4-485A-B207-AC665C1343D1}.Ad-Hoc|x86.ActiveCfg = Debug|Any CPU
		{DAAE7883-A6E4-485A-B207-AC665C1343D1}.Ad-Hoc|x86.Build.0 = Debug|Any CPU
		{DAAE7883-A6E4-485A-B207-AC665C1343D1}.Ad-Hoc|x86.Deploy.0 = Debug|Any CPU
		{DAAE7883-A6E4-485A-B207-AC665C1343D1}.AppStore|Any CPU.ActiveCfg = Debug|Any CPU
		{DAAE7883-A6E4-485A-B207-AC665C1343D1}.AppStore|Any CPU.Build.0 = Debug|Any CPU
		{DAAE7883-A6E4-485A-B207-AC665C1343D1}.AppStore|Any CPU.Deploy.0 = Debug|Any CPU
		{DAAE7883-A6E4-485A-B207-AC665C1343D1}.AppStore|ARM.ActiveCfg = Debug|Any CPU
		{DAAE7883-A6E4-485A-B207-AC665C1343D1}.AppStore|ARM.Build.0 = Debug|Any CPU
		{DAAE7883-A6E4-485A-B207-AC665C1343D1}.AppStore|ARM.Deploy.0 = Debug|Any CPU
		{DAAE7883-A6E4-485A-B207-AC665C1343D1}.AppStore|ARM64.ActiveCfg = Debug|Any CPU
		{DAAE7883-A6E4-485A-B207-AC665C1343D1}.AppStore|ARM64.Build.0 = Debug|Any CPU
		{DAAE7883-A6E4-485A-B207-AC665C1343D1}.AppStore|ARM64.Deploy.0 = Debug|Any CPU
		{DAAE7883-A6E4-485A-B207-AC665C1343D1}.AppStore|iPhone.ActiveCfg = Debug|Any CPU
		{DAAE7883-A6E4-485A-B207-AC665C1343D1}.AppStore|iPhone.Build.0 = Debug|Any CPU
		{DAAE7883-A6E4-485A-B207-AC665C1343D1}.AppStore|iPhone.Deploy.0 = Debug|Any CPU
		{DAAE7883-A6E4-485A-B207-AC665C1343D1}.AppStore|iPhoneSimulator.ActiveCfg = Debug|Any CPU
		{DAAE7883-A6E4-485A-B207-AC665C1343D1}.AppStore|iPhoneSimulator.Build.0 = Debug|Any CPU
		{DAAE7883-A6E4-485A-B207-AC665C1343D1}.AppStore|iPhoneSimulator.Deploy.0 = Debug|Any CPU
		{DAAE7883-A6E4-485A-B207-AC665C1343D1}.AppStore|x64.ActiveCfg = Debug|Any CPU
		{DAAE7883-A6E4-485A-B207-AC665C1343D1}.AppStore|x64.Build.0 = Debug|Any CPU
		{DAAE7883-A6E4-485A-B207-AC665C1343D1}.AppStore|x64.Deploy.0 = Debug|Any CPU
		{DAAE7883-A6E4-485A-B207-AC665C1343D1}.AppStore|x86.ActiveCfg = Debug|Any CPU
		{DAAE7883-A6E4-485A-B207-AC665C1343D1}.AppStore|x86.Build.0 = Debug|Any CPU
		{DAAE7883-A6E4-485A-B207-AC665C1343D1}.AppStore|x86.Deploy.0 = Debug|Any CPU
		{DAAE7883-A6E4-485A-B207-AC665C1343D1}.Debug|Any CPU.ActiveCfg = Debug|Any CPU
		{DAAE7883-A6E4-485A-B207-AC665C1343D1}.Debug|Any CPU.Build.0 = Debug|Any CPU
		{DAAE7883-A6E4-485A-B207-AC665C1343D1}.Debug|Any CPU.Deploy.0 = Debug|Any CPU
		{DAAE7883-A6E4-485A-B207-AC665C1343D1}.Debug|ARM.ActiveCfg = Debug|Any CPU
		{DAAE7883-A6E4-485A-B207-AC665C1343D1}.Debug|ARM.Build.0 = Debug|Any CPU
		{DAAE7883-A6E4-485A-B207-AC665C1343D1}.Debug|ARM.Deploy.0 = Debug|Any CPU
		{DAAE7883-A6E4-485A-B207-AC665C1343D1}.Debug|ARM64.ActiveCfg = Debug|Any CPU
		{DAAE7883-A6E4-485A-B207-AC665C1343D1}.Debug|ARM64.Build.0 = Debug|Any CPU
		{DAAE7883-A6E4-485A-B207-AC665C1343D1}.Debug|ARM64.Deploy.0 = Debug|Any CPU
		{DAAE7883-A6E4-485A-B207-AC665C1343D1}.Debug|iPhone.ActiveCfg = Debug|Any CPU
		{DAAE7883-A6E4-485A-B207-AC665C1343D1}.Debug|iPhone.Build.0 = Debug|Any CPU
		{DAAE7883-A6E4-485A-B207-AC665C1343D1}.Debug|iPhone.Deploy.0 = Debug|Any CPU
		{DAAE7883-A6E4-485A-B207-AC665C1343D1}.Debug|iPhoneSimulator.ActiveCfg = Debug|Any CPU
		{DAAE7883-A6E4-485A-B207-AC665C1343D1}.Debug|iPhoneSimulator.Build.0 = Debug|Any CPU
		{DAAE7883-A6E4-485A-B207-AC665C1343D1}.Debug|iPhoneSimulator.Deploy.0 = Debug|Any CPU
		{DAAE7883-A6E4-485A-B207-AC665C1343D1}.Debug|x64.ActiveCfg = Debug|Any CPU
		{DAAE7883-A6E4-485A-B207-AC665C1343D1}.Debug|x64.Build.0 = Debug|Any CPU
		{DAAE7883-A6E4-485A-B207-AC665C1343D1}.Debug|x64.Deploy.0 = Debug|Any CPU
		{DAAE7883-A6E4-485A-B207-AC665C1343D1}.Debug|x86.ActiveCfg = Debug|Any CPU
		{DAAE7883-A6E4-485A-B207-AC665C1343D1}.Debug|x86.Build.0 = Debug|Any CPU
		{DAAE7883-A6E4-485A-B207-AC665C1343D1}.Debug|x86.Deploy.0 = Debug|Any CPU
		{DAAE7883-A6E4-485A-B207-AC665C1343D1}.Release|Any CPU.ActiveCfg = Release|Any CPU
		{DAAE7883-A6E4-485A-B207-AC665C1343D1}.Release|Any CPU.Build.0 = Release|Any CPU
		{DAAE7883-A6E4-485A-B207-AC665C1343D1}.Release|Any CPU.Deploy.0 = Release|Any CPU
		{DAAE7883-A6E4-485A-B207-AC665C1343D1}.Release|ARM.ActiveCfg = Release|Any CPU
		{DAAE7883-A6E4-485A-B207-AC665C1343D1}.Release|ARM.Build.0 = Release|Any CPU
		{DAAE7883-A6E4-485A-B207-AC665C1343D1}.Release|ARM.Deploy.0 = Release|Any CPU
		{DAAE7883-A6E4-485A-B207-AC665C1343D1}.Release|ARM64.ActiveCfg = Release|Any CPU
		{DAAE7883-A6E4-485A-B207-AC665C1343D1}.Release|ARM64.Build.0 = Release|Any CPU
		{DAAE7883-A6E4-485A-B207-AC665C1343D1}.Release|ARM64.Deploy.0 = Release|Any CPU
		{DAAE7883-A6E4-485A-B207-AC665C1343D1}.Release|iPhone.ActiveCfg = Release|Any CPU
		{DAAE7883-A6E4-485A-B207-AC665C1343D1}.Release|iPhone.Build.0 = Release|Any CPU
		{DAAE7883-A6E4-485A-B207-AC665C1343D1}.Release|iPhone.Deploy.0 = Release|Any CPU
		{DAAE7883-A6E4-485A-B207-AC665C1343D1}.Release|iPhoneSimulator.ActiveCfg = Release|Any CPU
		{DAAE7883-A6E4-485A-B207-AC665C1343D1}.Release|iPhoneSimulator.Build.0 = Release|Any CPU
		{DAAE7883-A6E4-485A-B207-AC665C1343D1}.Release|iPhoneSimulator.Deploy.0 = Release|Any CPU
		{DAAE7883-A6E4-485A-B207-AC665C1343D1}.Release|x64.ActiveCfg = Release|Any CPU
		{DAAE7883-A6E4-485A-B207-AC665C1343D1}.Release|x64.Build.0 = Release|Any CPU
		{DAAE7883-A6E4-485A-B207-AC665C1343D1}.Release|x64.Deploy.0 = Release|Any CPU
		{DAAE7883-A6E4-485A-B207-AC665C1343D1}.Release|x86.ActiveCfg = Release|Any CPU
		{DAAE7883-A6E4-485A-B207-AC665C1343D1}.Release|x86.Build.0 = Release|Any CPU
		{DAAE7883-A6E4-485A-B207-AC665C1343D1}.Release|x86.Deploy.0 = Release|Any CPU
		{814BC377-A3E5-43B0-85D4-A5FF004B314D}.Ad-Hoc|Any CPU.ActiveCfg = Ad-Hoc|iPhoneSimulator
		{814BC377-A3E5-43B0-85D4-A5FF004B314D}.Ad-Hoc|ARM.ActiveCfg = Ad-Hoc|iPhoneSimulator
		{814BC377-A3E5-43B0-85D4-A5FF004B314D}.Ad-Hoc|ARM64.ActiveCfg = Ad-Hoc|iPhoneSimulator
		{814BC377-A3E5-43B0-85D4-A5FF004B314D}.Ad-Hoc|iPhone.ActiveCfg = Ad-Hoc|iPhone
		{814BC377-A3E5-43B0-85D4-A5FF004B314D}.Ad-Hoc|iPhone.Build.0 = Ad-Hoc|iPhone
		{814BC377-A3E5-43B0-85D4-A5FF004B314D}.Ad-Hoc|iPhoneSimulator.ActiveCfg = Ad-Hoc|iPhoneSimulator
		{814BC377-A3E5-43B0-85D4-A5FF004B314D}.Ad-Hoc|iPhoneSimulator.Build.0 = Ad-Hoc|iPhoneSimulator
		{814BC377-A3E5-43B0-85D4-A5FF004B314D}.Ad-Hoc|x64.ActiveCfg = Ad-Hoc|iPhoneSimulator
		{814BC377-A3E5-43B0-85D4-A5FF004B314D}.Ad-Hoc|x86.ActiveCfg = Ad-Hoc|iPhoneSimulator
		{814BC377-A3E5-43B0-85D4-A5FF004B314D}.AppStore|Any CPU.ActiveCfg = AppStore|iPhoneSimulator
		{814BC377-A3E5-43B0-85D4-A5FF004B314D}.AppStore|ARM.ActiveCfg = AppStore|iPhoneSimulator
		{814BC377-A3E5-43B0-85D4-A5FF004B314D}.AppStore|ARM64.ActiveCfg = AppStore|iPhoneSimulator
		{814BC377-A3E5-43B0-85D4-A5FF004B314D}.AppStore|iPhone.ActiveCfg = AppStore|iPhone
		{814BC377-A3E5-43B0-85D4-A5FF004B314D}.AppStore|iPhone.Build.0 = AppStore|iPhone
		{814BC377-A3E5-43B0-85D4-A5FF004B314D}.AppStore|iPhoneSimulator.ActiveCfg = AppStore|iPhoneSimulator
		{814BC377-A3E5-43B0-85D4-A5FF004B314D}.AppStore|iPhoneSimulator.Build.0 = AppStore|iPhoneSimulator
		{814BC377-A3E5-43B0-85D4-A5FF004B314D}.AppStore|x64.ActiveCfg = AppStore|iPhoneSimulator
		{814BC377-A3E5-43B0-85D4-A5FF004B314D}.AppStore|x86.ActiveCfg = AppStore|iPhoneSimulator
		{814BC377-A3E5-43B0-85D4-A5FF004B314D}.Debug|Any CPU.ActiveCfg = Debug|iPhoneSimulator
		{814BC377-A3E5-43B0-85D4-A5FF004B314D}.Debug|ARM.ActiveCfg = Debug|iPhoneSimulator
		{814BC377-A3E5-43B0-85D4-A5FF004B314D}.Debug|ARM64.ActiveCfg = Debug|iPhoneSimulator
		{814BC377-A3E5-43B0-85D4-A5FF004B314D}.Debug|iPhone.ActiveCfg = Debug|iPhone
		{814BC377-A3E5-43B0-85D4-A5FF004B314D}.Debug|iPhone.Build.0 = Debug|iPhone
		{814BC377-A3E5-43B0-85D4-A5FF004B314D}.Debug|iPhoneSimulator.ActiveCfg = Debug|iPhoneSimulator
		{814BC377-A3E5-43B0-85D4-A5FF004B314D}.Debug|iPhoneSimulator.Build.0 = Debug|iPhoneSimulator
		{814BC377-A3E5-43B0-85D4-A5FF004B314D}.Debug|x64.ActiveCfg = Debug|iPhoneSimulator
		{814BC377-A3E5-43B0-85D4-A5FF004B314D}.Debug|x86.ActiveCfg = Debug|iPhoneSimulator
		{814BC377-A3E5-43B0-85D4-A5FF004B314D}.Release|Any CPU.ActiveCfg = Release|iPhoneSimulator
		{814BC377-A3E5-43B0-85D4-A5FF004B314D}.Release|ARM.ActiveCfg = Release|iPhoneSimulator
		{814BC377-A3E5-43B0-85D4-A5FF004B314D}.Release|ARM64.ActiveCfg = Release|iPhoneSimulator
		{814BC377-A3E5-43B0-85D4-A5FF004B314D}.Release|iPhone.ActiveCfg = Release|iPhone
		{814BC377-A3E5-43B0-85D4-A5FF004B314D}.Release|iPhone.Build.0 = Release|iPhone
		{814BC377-A3E5-43B0-85D4-A5FF004B314D}.Release|iPhoneSimulator.ActiveCfg = Release|iPhoneSimulator
		{814BC377-A3E5-43B0-85D4-A5FF004B314D}.Release|iPhoneSimulator.Build.0 = Release|iPhoneSimulator
		{814BC377-A3E5-43B0-85D4-A5FF004B314D}.Release|x64.ActiveCfg = Release|iPhoneSimulator
		{814BC377-A3E5-43B0-85D4-A5FF004B314D}.Release|x86.ActiveCfg = Release|iPhoneSimulator
		{42C61740-BCC1-4608-8CA7-4899940F3E42}.Ad-Hoc|Any CPU.ActiveCfg = Debug|x86
		{42C61740-BCC1-4608-8CA7-4899940F3E42}.Ad-Hoc|Any CPU.Build.0 = Debug|x86
		{42C61740-BCC1-4608-8CA7-4899940F3E42}.Ad-Hoc|Any CPU.Deploy.0 = Debug|x86
		{42C61740-BCC1-4608-8CA7-4899940F3E42}.Ad-Hoc|ARM.ActiveCfg = Debug|ARM
		{42C61740-BCC1-4608-8CA7-4899940F3E42}.Ad-Hoc|ARM.Build.0 = Debug|ARM
		{42C61740-BCC1-4608-8CA7-4899940F3E42}.Ad-Hoc|ARM.Deploy.0 = Debug|ARM
		{42C61740-BCC1-4608-8CA7-4899940F3E42}.Ad-Hoc|ARM64.ActiveCfg = Debug|ARM64
		{42C61740-BCC1-4608-8CA7-4899940F3E42}.Ad-Hoc|ARM64.Build.0 = Debug|ARM64
		{42C61740-BCC1-4608-8CA7-4899940F3E42}.Ad-Hoc|ARM64.Deploy.0 = Debug|ARM64
		{42C61740-BCC1-4608-8CA7-4899940F3E42}.Ad-Hoc|iPhone.ActiveCfg = Debug|x86
		{42C61740-BCC1-4608-8CA7-4899940F3E42}.Ad-Hoc|iPhone.Build.0 = Debug|x86
		{42C61740-BCC1-4608-8CA7-4899940F3E42}.Ad-Hoc|iPhone.Deploy.0 = Debug|x86
		{42C61740-BCC1-4608-8CA7-4899940F3E42}.Ad-Hoc|iPhoneSimulator.ActiveCfg = Debug|x86
		{42C61740-BCC1-4608-8CA7-4899940F3E42}.Ad-Hoc|iPhoneSimulator.Build.0 = Debug|x86
		{42C61740-BCC1-4608-8CA7-4899940F3E42}.Ad-Hoc|iPhoneSimulator.Deploy.0 = Debug|x86
		{42C61740-BCC1-4608-8CA7-4899940F3E42}.Ad-Hoc|x64.ActiveCfg = Debug|x64
		{42C61740-BCC1-4608-8CA7-4899940F3E42}.Ad-Hoc|x64.Build.0 = Debug|x64
		{42C61740-BCC1-4608-8CA7-4899940F3E42}.Ad-Hoc|x64.Deploy.0 = Debug|x64
		{42C61740-BCC1-4608-8CA7-4899940F3E42}.Ad-Hoc|x86.ActiveCfg = Debug|x86
		{42C61740-BCC1-4608-8CA7-4899940F3E42}.Ad-Hoc|x86.Build.0 = Debug|x86
		{42C61740-BCC1-4608-8CA7-4899940F3E42}.Ad-Hoc|x86.Deploy.0 = Debug|x86
		{42C61740-BCC1-4608-8CA7-4899940F3E42}.AppStore|Any CPU.ActiveCfg = Debug|x86
		{42C61740-BCC1-4608-8CA7-4899940F3E42}.AppStore|Any CPU.Build.0 = Debug|x86
		{42C61740-BCC1-4608-8CA7-4899940F3E42}.AppStore|Any CPU.Deploy.0 = Debug|x86
		{42C61740-BCC1-4608-8CA7-4899940F3E42}.AppStore|ARM.ActiveCfg = Debug|ARM
		{42C61740-BCC1-4608-8CA7-4899940F3E42}.AppStore|ARM.Build.0 = Debug|ARM
		{42C61740-BCC1-4608-8CA7-4899940F3E42}.AppStore|ARM.Deploy.0 = Debug|ARM
		{42C61740-BCC1-4608-8CA7-4899940F3E42}.AppStore|ARM64.ActiveCfg = Debug|ARM64
		{42C61740-BCC1-4608-8CA7-4899940F3E42}.AppStore|ARM64.Build.0 = Debug|ARM64
		{42C61740-BCC1-4608-8CA7-4899940F3E42}.AppStore|ARM64.Deploy.0 = Debug|ARM64
		{42C61740-BCC1-4608-8CA7-4899940F3E42}.AppStore|iPhone.ActiveCfg = Debug|x86
		{42C61740-BCC1-4608-8CA7-4899940F3E42}.AppStore|iPhone.Build.0 = Debug|x86
		{42C61740-BCC1-4608-8CA7-4899940F3E42}.AppStore|iPhone.Deploy.0 = Debug|x86
		{42C61740-BCC1-4608-8CA7-4899940F3E42}.AppStore|iPhoneSimulator.ActiveCfg = Debug|x86
		{42C61740-BCC1-4608-8CA7-4899940F3E42}.AppStore|iPhoneSimulator.Build.0 = Debug|x86
		{42C61740-BCC1-4608-8CA7-4899940F3E42}.AppStore|iPhoneSimulator.Deploy.0 = Debug|x86
		{42C61740-BCC1-4608-8CA7-4899940F3E42}.AppStore|x64.ActiveCfg = Debug|x64
		{42C61740-BCC1-4608-8CA7-4899940F3E42}.AppStore|x64.Build.0 = Debug|x64
		{42C61740-BCC1-4608-8CA7-4899940F3E42}.AppStore|x64.Deploy.0 = Debug|x64
		{42C61740-BCC1-4608-8CA7-4899940F3E42}.AppStore|x86.ActiveCfg = Debug|x86
		{42C61740-BCC1-4608-8CA7-4899940F3E42}.AppStore|x86.Build.0 = Debug|x86
		{42C61740-BCC1-4608-8CA7-4899940F3E42}.AppStore|x86.Deploy.0 = Debug|x86
		{42C61740-BCC1-4608-8CA7-4899940F3E42}.Debug|Any CPU.ActiveCfg = Debug|x86
		{42C61740-BCC1-4608-8CA7-4899940F3E42}.Debug|Any CPU.Build.0 = Debug|x86
		{42C61740-BCC1-4608-8CA7-4899940F3E42}.Debug|Any CPU.Deploy.0 = Debug|x86
		{42C61740-BCC1-4608-8CA7-4899940F3E42}.Debug|ARM.ActiveCfg = Debug|ARM
		{42C61740-BCC1-4608-8CA7-4899940F3E42}.Debug|ARM.Build.0 = Debug|ARM
		{42C61740-BCC1-4608-8CA7-4899940F3E42}.Debug|ARM.Deploy.0 = Debug|ARM
		{42C61740-BCC1-4608-8CA7-4899940F3E42}.Debug|ARM64.ActiveCfg = Debug|ARM64
		{42C61740-BCC1-4608-8CA7-4899940F3E42}.Debug|ARM64.Build.0 = Debug|ARM64
		{42C61740-BCC1-4608-8CA7-4899940F3E42}.Debug|ARM64.Deploy.0 = Debug|ARM64
		{42C61740-BCC1-4608-8CA7-4899940F3E42}.Debug|iPhone.ActiveCfg = Debug|x86
		{42C61740-BCC1-4608-8CA7-4899940F3E42}.Debug|iPhoneSimulator.ActiveCfg = Debug|x86
		{42C61740-BCC1-4608-8CA7-4899940F3E42}.Debug|x64.ActiveCfg = Debug|x64
		{42C61740-BCC1-4608-8CA7-4899940F3E42}.Debug|x64.Build.0 = Debug|x64
		{42C61740-BCC1-4608-8CA7-4899940F3E42}.Debug|x64.Deploy.0 = Debug|x64
		{42C61740-BCC1-4608-8CA7-4899940F3E42}.Debug|x86.ActiveCfg = Debug|x86
		{42C61740-BCC1-4608-8CA7-4899940F3E42}.Debug|x86.Build.0 = Debug|x86
		{42C61740-BCC1-4608-8CA7-4899940F3E42}.Debug|x86.Deploy.0 = Debug|x86
		{42C61740-BCC1-4608-8CA7-4899940F3E42}.Release|Any CPU.ActiveCfg = Release|x86
		{42C61740-BCC1-4608-8CA7-4899940F3E42}.Release|ARM.ActiveCfg = Release|ARM
		{42C61740-BCC1-4608-8CA7-4899940F3E42}.Release|ARM.Build.0 = Release|ARM
		{42C61740-BCC1-4608-8CA7-4899940F3E42}.Release|ARM.Deploy.0 = Release|ARM
		{42C61740-BCC1-4608-8CA7-4899940F3E42}.Release|ARM64.ActiveCfg = Release|ARM64
		{42C61740-BCC1-4608-8CA7-4899940F3E42}.Release|ARM64.Build.0 = Release|ARM64
		{42C61740-BCC1-4608-8CA7-4899940F3E42}.Release|ARM64.Deploy.0 = Release|ARM64
		{42C61740-BCC1-4608-8CA7-4899940F3E42}.Release|iPhone.ActiveCfg = Release|x86
		{42C61740-BCC1-4608-8CA7-4899940F3E42}.Release|iPhoneSimulator.ActiveCfg = Release|x86
		{42C61740-BCC1-4608-8CA7-4899940F3E42}.Release|x64.ActiveCfg = Release|x64
		{42C61740-BCC1-4608-8CA7-4899940F3E42}.Release|x64.Build.0 = Release|x64
		{42C61740-BCC1-4608-8CA7-4899940F3E42}.Release|x64.Deploy.0 = Release|x64
		{42C61740-BCC1-4608-8CA7-4899940F3E42}.Release|x86.ActiveCfg = Release|x86
		{42C61740-BCC1-4608-8CA7-4899940F3E42}.Release|x86.Build.0 = Release|x86
		{42C61740-BCC1-4608-8CA7-4899940F3E42}.Release|x86.Deploy.0 = Release|x86
		{F1ACC680-4A59-44FC-9592-95D9ECD41C06}.Ad-Hoc|Any CPU.ActiveCfg = Debug|Any CPU
		{F1ACC680-4A59-44FC-9592-95D9ECD41C06}.Ad-Hoc|Any CPU.Build.0 = Debug|Any CPU
		{F1ACC680-4A59-44FC-9592-95D9ECD41C06}.Ad-Hoc|ARM.ActiveCfg = Debug|Any CPU
		{F1ACC680-4A59-44FC-9592-95D9ECD41C06}.Ad-Hoc|ARM.Build.0 = Debug|Any CPU
		{F1ACC680-4A59-44FC-9592-95D9ECD41C06}.Ad-Hoc|ARM64.ActiveCfg = Debug|Any CPU
		{F1ACC680-4A59-44FC-9592-95D9ECD41C06}.Ad-Hoc|ARM64.Build.0 = Debug|Any CPU
		{F1ACC680-4A59-44FC-9592-95D9ECD41C06}.Ad-Hoc|iPhone.ActiveCfg = Debug|Any CPU
		{F1ACC680-4A59-44FC-9592-95D9ECD41C06}.Ad-Hoc|iPhone.Build.0 = Debug|Any CPU
		{F1ACC680-4A59-44FC-9592-95D9ECD41C06}.Ad-Hoc|iPhoneSimulator.ActiveCfg = Debug|Any CPU
		{F1ACC680-4A59-44FC-9592-95D9ECD41C06}.Ad-Hoc|iPhoneSimulator.Build.0 = Debug|Any CPU
		{F1ACC680-4A59-44FC-9592-95D9ECD41C06}.Ad-Hoc|x64.ActiveCfg = Debug|Any CPU
		{F1ACC680-4A59-44FC-9592-95D9ECD41C06}.Ad-Hoc|x64.Build.0 = Debug|Any CPU
		{F1ACC680-4A59-44FC-9592-95D9ECD41C06}.Ad-Hoc|x86.ActiveCfg = Debug|Any CPU
		{F1ACC680-4A59-44FC-9592-95D9ECD41C06}.Ad-Hoc|x86.Build.0 = Debug|Any CPU
		{F1ACC680-4A59-44FC-9592-95D9ECD41C06}.AppStore|Any CPU.ActiveCfg = Debug|Any CPU
		{F1ACC680-4A59-44FC-9592-95D9ECD41C06}.AppStore|Any CPU.Build.0 = Debug|Any CPU
		{F1ACC680-4A59-44FC-9592-95D9ECD41C06}.AppStore|ARM.ActiveCfg = Debug|Any CPU
		{F1ACC680-4A59-44FC-9592-95D9ECD41C06}.AppStore|ARM.Build.0 = Debug|Any CPU
		{F1ACC680-4A59-44FC-9592-95D9ECD41C06}.AppStore|ARM64.ActiveCfg = Debug|Any CPU
		{F1ACC680-4A59-44FC-9592-95D9ECD41C06}.AppStore|ARM64.Build.0 = Debug|Any CPU
		{F1ACC680-4A59-44FC-9592-95D9ECD41C06}.AppStore|iPhone.ActiveCfg = Debug|Any CPU
		{F1ACC680-4A59-44FC-9592-95D9ECD41C06}.AppStore|iPhone.Build.0 = Debug|Any CPU
		{F1ACC680-4A59-44FC-9592-95D9ECD41C06}.AppStore|iPhoneSimulator.ActiveCfg = Debug|Any CPU
		{F1ACC680-4A59-44FC-9592-95D9ECD41C06}.AppStore|iPhoneSimulator.Build.0 = Debug|Any CPU
		{F1ACC680-4A59-44FC-9592-95D9ECD41C06}.AppStore|x64.ActiveCfg = Debug|Any CPU
		{F1ACC680-4A59-44FC-9592-95D9ECD41C06}.AppStore|x64.Build.0 = Debug|Any CPU
		{F1ACC680-4A59-44FC-9592-95D9ECD41C06}.AppStore|x86.ActiveCfg = Debug|Any CPU
		{F1ACC680-4A59-44FC-9592-95D9ECD41C06}.AppStore|x86.Build.0 = Debug|Any CPU
		{F1ACC680-4A59-44FC-9592-95D9ECD41C06}.Debug|Any CPU.ActiveCfg = Debug|Any CPU
		{F1ACC680-4A59-44FC-9592-95D9ECD41C06}.Debug|Any CPU.Build.0 = Debug|Any CPU
		{F1ACC680-4A59-44FC-9592-95D9ECD41C06}.Debug|ARM.ActiveCfg = Debug|Any CPU
		{F1ACC680-4A59-44FC-9592-95D9ECD41C06}.Debug|ARM.Build.0 = Debug|Any CPU
		{F1ACC680-4A59-44FC-9592-95D9ECD41C06}.Debug|ARM64.ActiveCfg = Debug|Any CPU
		{F1ACC680-4A59-44FC-9592-95D9ECD41C06}.Debug|ARM64.Build.0 = Debug|Any CPU
		{F1ACC680-4A59-44FC-9592-95D9ECD41C06}.Debug|iPhone.ActiveCfg = Debug|Any CPU
		{F1ACC680-4A59-44FC-9592-95D9ECD41C06}.Debug|iPhone.Build.0 = Debug|Any CPU
		{F1ACC680-4A59-44FC-9592-95D9ECD41C06}.Debug|iPhoneSimulator.ActiveCfg = Debug|Any CPU
		{F1ACC680-4A59-44FC-9592-95D9ECD41C06}.Debug|iPhoneSimulator.Build.0 = Debug|Any CPU
		{F1ACC680-4A59-44FC-9592-95D9ECD41C06}.Debug|x64.ActiveCfg = Debug|Any CPU
		{F1ACC680-4A59-44FC-9592-95D9ECD41C06}.Debug|x64.Build.0 = Debug|Any CPU
		{F1ACC680-4A59-44FC-9592-95D9ECD41C06}.Debug|x86.ActiveCfg = Debug|Any CPU
		{F1ACC680-4A59-44FC-9592-95D9ECD41C06}.Debug|x86.Build.0 = Debug|Any CPU
		{F1ACC680-4A59-44FC-9592-95D9ECD41C06}.Release|Any CPU.ActiveCfg = Release|Any CPU
		{F1ACC680-4A59-44FC-9592-95D9ECD41C06}.Release|Any CPU.Build.0 = Release|Any CPU
		{F1ACC680-4A59-44FC-9592-95D9ECD41C06}.Release|ARM.ActiveCfg = Release|Any CPU
		{F1ACC680-4A59-44FC-9592-95D9ECD41C06}.Release|ARM.Build.0 = Release|Any CPU
		{F1ACC680-4A59-44FC-9592-95D9ECD41C06}.Release|ARM64.ActiveCfg = Release|Any CPU
		{F1ACC680-4A59-44FC-9592-95D9ECD41C06}.Release|ARM64.Build.0 = Release|Any CPU
		{F1ACC680-4A59-44FC-9592-95D9ECD41C06}.Release|iPhone.ActiveCfg = Release|Any CPU
		{F1ACC680-4A59-44FC-9592-95D9ECD41C06}.Release|iPhone.Build.0 = Release|Any CPU
		{F1ACC680-4A59-44FC-9592-95D9ECD41C06}.Release|iPhoneSimulator.ActiveCfg = Release|Any CPU
		{F1ACC680-4A59-44FC-9592-95D9ECD41C06}.Release|iPhoneSimulator.Build.0 = Release|Any CPU
		{F1ACC680-4A59-44FC-9592-95D9ECD41C06}.Release|x64.ActiveCfg = Release|Any CPU
		{F1ACC680-4A59-44FC-9592-95D9ECD41C06}.Release|x64.Build.0 = Release|Any CPU
		{F1ACC680-4A59-44FC-9592-95D9ECD41C06}.Release|x86.ActiveCfg = Release|Any CPU
		{F1ACC680-4A59-44FC-9592-95D9ECD41C06}.Release|x86.Build.0 = Release|Any CPU
		{F074663F-3F65-4036-AE1A-95D1A2564D17}.Ad-Hoc|Any CPU.ActiveCfg = Debug|iPhoneSimulator
		{F074663F-3F65-4036-AE1A-95D1A2564D17}.Ad-Hoc|Any CPU.Build.0 = Debug|iPhoneSimulator
		{F074663F-3F65-4036-AE1A-95D1A2564D17}.Ad-Hoc|ARM.ActiveCfg = Debug|iPhoneSimulator
		{F074663F-3F65-4036-AE1A-95D1A2564D17}.Ad-Hoc|ARM.Build.0 = Debug|iPhoneSimulator
		{F074663F-3F65-4036-AE1A-95D1A2564D17}.Ad-Hoc|ARM64.ActiveCfg = Debug|iPhoneSimulator
		{F074663F-3F65-4036-AE1A-95D1A2564D17}.Ad-Hoc|ARM64.Build.0 = Debug|iPhoneSimulator
		{F074663F-3F65-4036-AE1A-95D1A2564D17}.Ad-Hoc|iPhone.ActiveCfg = Debug|iPhoneSimulator
		{F074663F-3F65-4036-AE1A-95D1A2564D17}.Ad-Hoc|iPhone.Build.0 = Debug|iPhoneSimulator
		{F074663F-3F65-4036-AE1A-95D1A2564D17}.Ad-Hoc|iPhoneSimulator.ActiveCfg = Debug|iPhoneSimulator
		{F074663F-3F65-4036-AE1A-95D1A2564D17}.Ad-Hoc|iPhoneSimulator.Build.0 = Debug|iPhoneSimulator
		{F074663F-3F65-4036-AE1A-95D1A2564D17}.Ad-Hoc|x64.ActiveCfg = Debug|iPhoneSimulator
		{F074663F-3F65-4036-AE1A-95D1A2564D17}.Ad-Hoc|x64.Build.0 = Debug|iPhoneSimulator
		{F074663F-3F65-4036-AE1A-95D1A2564D17}.Ad-Hoc|x86.ActiveCfg = Debug|iPhoneSimulator
		{F074663F-3F65-4036-AE1A-95D1A2564D17}.Ad-Hoc|x86.Build.0 = Debug|iPhoneSimulator
		{F074663F-3F65-4036-AE1A-95D1A2564D17}.AppStore|Any CPU.ActiveCfg = Debug|iPhoneSimulator
		{F074663F-3F65-4036-AE1A-95D1A2564D17}.AppStore|Any CPU.Build.0 = Debug|iPhoneSimulator
		{F074663F-3F65-4036-AE1A-95D1A2564D17}.AppStore|ARM.ActiveCfg = Debug|iPhoneSimulator
		{F074663F-3F65-4036-AE1A-95D1A2564D17}.AppStore|ARM.Build.0 = Debug|iPhoneSimulator
		{F074663F-3F65-4036-AE1A-95D1A2564D17}.AppStore|ARM64.ActiveCfg = Debug|iPhoneSimulator
		{F074663F-3F65-4036-AE1A-95D1A2564D17}.AppStore|ARM64.Build.0 = Debug|iPhoneSimulator
		{F074663F-3F65-4036-AE1A-95D1A2564D17}.AppStore|iPhone.ActiveCfg = Debug|iPhoneSimulator
		{F074663F-3F65-4036-AE1A-95D1A2564D17}.AppStore|iPhone.Build.0 = Debug|iPhoneSimulator
		{F074663F-3F65-4036-AE1A-95D1A2564D17}.AppStore|iPhoneSimulator.ActiveCfg = Debug|iPhoneSimulator
		{F074663F-3F65-4036-AE1A-95D1A2564D17}.AppStore|iPhoneSimulator.Build.0 = Debug|iPhoneSimulator
		{F074663F-3F65-4036-AE1A-95D1A2564D17}.AppStore|x64.ActiveCfg = Debug|iPhoneSimulator
		{F074663F-3F65-4036-AE1A-95D1A2564D17}.AppStore|x64.Build.0 = Debug|iPhoneSimulator
		{F074663F-3F65-4036-AE1A-95D1A2564D17}.AppStore|x86.ActiveCfg = Debug|iPhoneSimulator
		{F074663F-3F65-4036-AE1A-95D1A2564D17}.AppStore|x86.Build.0 = Debug|iPhoneSimulator
		{F074663F-3F65-4036-AE1A-95D1A2564D17}.Debug|Any CPU.ActiveCfg = Debug|iPhoneSimulator
		{F074663F-3F65-4036-AE1A-95D1A2564D17}.Debug|ARM.ActiveCfg = Debug|iPhoneSimulator
		{F074663F-3F65-4036-AE1A-95D1A2564D17}.Debug|ARM64.ActiveCfg = Debug|iPhoneSimulator
		{F074663F-3F65-4036-AE1A-95D1A2564D17}.Debug|iPhone.ActiveCfg = Debug|iPhoneSimulator
		{F074663F-3F65-4036-AE1A-95D1A2564D17}.Debug|iPhoneSimulator.ActiveCfg = Debug|iPhoneSimulator
		{F074663F-3F65-4036-AE1A-95D1A2564D17}.Debug|iPhoneSimulator.Build.0 = Debug|iPhoneSimulator
		{F074663F-3F65-4036-AE1A-95D1A2564D17}.Debug|x64.ActiveCfg = Debug|iPhoneSimulator
		{F074663F-3F65-4036-AE1A-95D1A2564D17}.Debug|x86.ActiveCfg = Debug|iPhoneSimulator
		{F074663F-3F65-4036-AE1A-95D1A2564D17}.Release|Any CPU.ActiveCfg = Release|iPhoneSimulator
		{F074663F-3F65-4036-AE1A-95D1A2564D17}.Release|ARM.ActiveCfg = Release|iPhoneSimulator
		{F074663F-3F65-4036-AE1A-95D1A2564D17}.Release|ARM64.ActiveCfg = Release|iPhoneSimulator
		{F074663F-3F65-4036-AE1A-95D1A2564D17}.Release|iPhone.ActiveCfg = Release|iPhoneSimulator
		{F074663F-3F65-4036-AE1A-95D1A2564D17}.Release|iPhoneSimulator.ActiveCfg = Release|iPhoneSimulator
		{F074663F-3F65-4036-AE1A-95D1A2564D17}.Release|iPhoneSimulator.Build.0 = Release|iPhoneSimulator
		{F074663F-3F65-4036-AE1A-95D1A2564D17}.Release|x64.ActiveCfg = Release|iPhoneSimulator
		{F074663F-3F65-4036-AE1A-95D1A2564D17}.Release|x86.ActiveCfg = Release|iPhoneSimulator
		{AA399155-C119-4810-901B-D072BC50210D}.Ad-Hoc|Any CPU.ActiveCfg = Debug|Any CPU
		{AA399155-C119-4810-901B-D072BC50210D}.Ad-Hoc|Any CPU.Build.0 = Debug|Any CPU
		{AA399155-C119-4810-901B-D072BC50210D}.Ad-Hoc|ARM.ActiveCfg = Debug|Any CPU
		{AA399155-C119-4810-901B-D072BC50210D}.Ad-Hoc|ARM.Build.0 = Debug|Any CPU
		{AA399155-C119-4810-901B-D072BC50210D}.Ad-Hoc|ARM64.ActiveCfg = Debug|Any CPU
		{AA399155-C119-4810-901B-D072BC50210D}.Ad-Hoc|ARM64.Build.0 = Debug|Any CPU
		{AA399155-C119-4810-901B-D072BC50210D}.Ad-Hoc|iPhone.ActiveCfg = Debug|Any CPU
		{AA399155-C119-4810-901B-D072BC50210D}.Ad-Hoc|iPhone.Build.0 = Debug|Any CPU
		{AA399155-C119-4810-901B-D072BC50210D}.Ad-Hoc|iPhoneSimulator.ActiveCfg = Debug|Any CPU
		{AA399155-C119-4810-901B-D072BC50210D}.Ad-Hoc|iPhoneSimulator.Build.0 = Debug|Any CPU
		{AA399155-C119-4810-901B-D072BC50210D}.Ad-Hoc|x64.ActiveCfg = Debug|Any CPU
		{AA399155-C119-4810-901B-D072BC50210D}.Ad-Hoc|x64.Build.0 = Debug|Any CPU
		{AA399155-C119-4810-901B-D072BC50210D}.Ad-Hoc|x86.ActiveCfg = Debug|Any CPU
		{AA399155-C119-4810-901B-D072BC50210D}.Ad-Hoc|x86.Build.0 = Debug|Any CPU
		{AA399155-C119-4810-901B-D072BC50210D}.AppStore|Any CPU.ActiveCfg = Debug|Any CPU
		{AA399155-C119-4810-901B-D072BC50210D}.AppStore|Any CPU.Build.0 = Debug|Any CPU
		{AA399155-C119-4810-901B-D072BC50210D}.AppStore|ARM.ActiveCfg = Debug|Any CPU
		{AA399155-C119-4810-901B-D072BC50210D}.AppStore|ARM.Build.0 = Debug|Any CPU
		{AA399155-C119-4810-901B-D072BC50210D}.AppStore|ARM64.ActiveCfg = Debug|Any CPU
		{AA399155-C119-4810-901B-D072BC50210D}.AppStore|ARM64.Build.0 = Debug|Any CPU
		{AA399155-C119-4810-901B-D072BC50210D}.AppStore|iPhone.ActiveCfg = Debug|Any CPU
		{AA399155-C119-4810-901B-D072BC50210D}.AppStore|iPhone.Build.0 = Debug|Any CPU
		{AA399155-C119-4810-901B-D072BC50210D}.AppStore|iPhoneSimulator.ActiveCfg = Debug|Any CPU
		{AA399155-C119-4810-901B-D072BC50210D}.AppStore|iPhoneSimulator.Build.0 = Debug|Any CPU
		{AA399155-C119-4810-901B-D072BC50210D}.AppStore|x64.ActiveCfg = Debug|Any CPU
		{AA399155-C119-4810-901B-D072BC50210D}.AppStore|x64.Build.0 = Debug|Any CPU
		{AA399155-C119-4810-901B-D072BC50210D}.AppStore|x86.ActiveCfg = Debug|Any CPU
		{AA399155-C119-4810-901B-D072BC50210D}.AppStore|x86.Build.0 = Debug|Any CPU
		{AA399155-C119-4810-901B-D072BC50210D}.Debug|Any CPU.ActiveCfg = Debug|Any CPU
		{AA399155-C119-4810-901B-D072BC50210D}.Debug|Any CPU.Build.0 = Debug|Any CPU
		{AA399155-C119-4810-901B-D072BC50210D}.Debug|ARM.ActiveCfg = Debug|Any CPU
		{AA399155-C119-4810-901B-D072BC50210D}.Debug|ARM.Build.0 = Debug|Any CPU
		{AA399155-C119-4810-901B-D072BC50210D}.Debug|ARM64.ActiveCfg = Debug|Any CPU
		{AA399155-C119-4810-901B-D072BC50210D}.Debug|ARM64.Build.0 = Debug|Any CPU
		{AA399155-C119-4810-901B-D072BC50210D}.Debug|iPhone.ActiveCfg = Debug|Any CPU
		{AA399155-C119-4810-901B-D072BC50210D}.Debug|iPhone.Build.0 = Debug|Any CPU
		{AA399155-C119-4810-901B-D072BC50210D}.Debug|iPhoneSimulator.ActiveCfg = Debug|Any CPU
		{AA399155-C119-4810-901B-D072BC50210D}.Debug|iPhoneSimulator.Build.0 = Debug|Any CPU
		{AA399155-C119-4810-901B-D072BC50210D}.Debug|x64.ActiveCfg = Debug|Any CPU
		{AA399155-C119-4810-901B-D072BC50210D}.Debug|x64.Build.0 = Debug|Any CPU
		{AA399155-C119-4810-901B-D072BC50210D}.Debug|x86.ActiveCfg = Debug|Any CPU
		{AA399155-C119-4810-901B-D072BC50210D}.Debug|x86.Build.0 = Debug|Any CPU
		{AA399155-C119-4810-901B-D072BC50210D}.Release|Any CPU.ActiveCfg = Release|Any CPU
		{AA399155-C119-4810-901B-D072BC50210D}.Release|Any CPU.Build.0 = Release|Any CPU
		{AA399155-C119-4810-901B-D072BC50210D}.Release|ARM.ActiveCfg = Release|Any CPU
		{AA399155-C119-4810-901B-D072BC50210D}.Release|ARM.Build.0 = Release|Any CPU
		{AA399155-C119-4810-901B-D072BC50210D}.Release|ARM64.ActiveCfg = Release|Any CPU
		{AA399155-C119-4810-901B-D072BC50210D}.Release|ARM64.Build.0 = Release|Any CPU
		{AA399155-C119-4810-901B-D072BC50210D}.Release|iPhone.ActiveCfg = Release|Any CPU
		{AA399155-C119-4810-901B-D072BC50210D}.Release|iPhone.Build.0 = Release|Any CPU
		{AA399155-C119-4810-901B-D072BC50210D}.Release|iPhoneSimulator.ActiveCfg = Release|Any CPU
		{AA399155-C119-4810-901B-D072BC50210D}.Release|iPhoneSimulator.Build.0 = Release|Any CPU
		{AA399155-C119-4810-901B-D072BC50210D}.Release|x64.ActiveCfg = Release|Any CPU
		{AA399155-C119-4810-901B-D072BC50210D}.Release|x64.Build.0 = Release|Any CPU
		{AA399155-C119-4810-901B-D072BC50210D}.Release|x86.ActiveCfg = Release|Any CPU
		{AA399155-C119-4810-901B-D072BC50210D}.Release|x86.Build.0 = Release|Any CPU
		{C1943F2A-90DA-42C7-864A-B5C950E58EB5}.Ad-Hoc|Any CPU.ActiveCfg = Debug|Any CPU
		{C1943F2A-90DA-42C7-864A-B5C950E58EB5}.Ad-Hoc|Any CPU.Build.0 = Debug|Any CPU
		{C1943F2A-90DA-42C7-864A-B5C950E58EB5}.Ad-Hoc|ARM.ActiveCfg = Debug|Any CPU
		{C1943F2A-90DA-42C7-864A-B5C950E58EB5}.Ad-Hoc|ARM.Build.0 = Debug|Any CPU
		{C1943F2A-90DA-42C7-864A-B5C950E58EB5}.Ad-Hoc|ARM64.ActiveCfg = Debug|Any CPU
		{C1943F2A-90DA-42C7-864A-B5C950E58EB5}.Ad-Hoc|ARM64.Build.0 = Debug|Any CPU
		{C1943F2A-90DA-42C7-864A-B5C950E58EB5}.Ad-Hoc|iPhone.ActiveCfg = Debug|Any CPU
		{C1943F2A-90DA-42C7-864A-B5C950E58EB5}.Ad-Hoc|iPhone.Build.0 = Debug|Any CPU
		{C1943F2A-90DA-42C7-864A-B5C950E58EB5}.Ad-Hoc|iPhoneSimulator.ActiveCfg = Debug|Any CPU
		{C1943F2A-90DA-42C7-864A-B5C950E58EB5}.Ad-Hoc|iPhoneSimulator.Build.0 = Debug|Any CPU
		{C1943F2A-90DA-42C7-864A-B5C950E58EB5}.Ad-Hoc|x64.ActiveCfg = Debug|Any CPU
		{C1943F2A-90DA-42C7-864A-B5C950E58EB5}.Ad-Hoc|x64.Build.0 = Debug|Any CPU
		{C1943F2A-90DA-42C7-864A-B5C950E58EB5}.Ad-Hoc|x86.ActiveCfg = Debug|Any CPU
		{C1943F2A-90DA-42C7-864A-B5C950E58EB5}.Ad-Hoc|x86.Build.0 = Debug|Any CPU
		{C1943F2A-90DA-42C7-864A-B5C950E58EB5}.AppStore|Any CPU.ActiveCfg = Debug|Any CPU
		{C1943F2A-90DA-42C7-864A-B5C950E58EB5}.AppStore|Any CPU.Build.0 = Debug|Any CPU
		{C1943F2A-90DA-42C7-864A-B5C950E58EB5}.AppStore|ARM.ActiveCfg = Debug|Any CPU
		{C1943F2A-90DA-42C7-864A-B5C950E58EB5}.AppStore|ARM.Build.0 = Debug|Any CPU
		{C1943F2A-90DA-42C7-864A-B5C950E58EB5}.AppStore|ARM64.ActiveCfg = Debug|Any CPU
		{C1943F2A-90DA-42C7-864A-B5C950E58EB5}.AppStore|ARM64.Build.0 = Debug|Any CPU
		{C1943F2A-90DA-42C7-864A-B5C950E58EB5}.AppStore|iPhone.ActiveCfg = Debug|Any CPU
		{C1943F2A-90DA-42C7-864A-B5C950E58EB5}.AppStore|iPhone.Build.0 = Debug|Any CPU
		{C1943F2A-90DA-42C7-864A-B5C950E58EB5}.AppStore|iPhoneSimulator.ActiveCfg = Debug|Any CPU
		{C1943F2A-90DA-42C7-864A-B5C950E58EB5}.AppStore|iPhoneSimulator.Build.0 = Debug|Any CPU
		{C1943F2A-90DA-42C7-864A-B5C950E58EB5}.AppStore|x64.ActiveCfg = Debug|Any CPU
		{C1943F2A-90DA-42C7-864A-B5C950E58EB5}.AppStore|x64.Build.0 = Debug|Any CPU
		{C1943F2A-90DA-42C7-864A-B5C950E58EB5}.AppStore|x86.ActiveCfg = Debug|Any CPU
		{C1943F2A-90DA-42C7-864A-B5C950E58EB5}.AppStore|x86.Build.0 = Debug|Any CPU
		{C1943F2A-90DA-42C7-864A-B5C950E58EB5}.Debug|Any CPU.ActiveCfg = Debug|Any CPU
		{C1943F2A-90DA-42C7-864A-B5C950E58EB5}.Debug|Any CPU.Build.0 = Debug|Any CPU
		{C1943F2A-90DA-42C7-864A-B5C950E58EB5}.Debug|ARM.ActiveCfg = Debug|Any CPU
		{C1943F2A-90DA-42C7-864A-B5C950E58EB5}.Debug|ARM.Build.0 = Debug|Any CPU
		{C1943F2A-90DA-42C7-864A-B5C950E58EB5}.Debug|ARM64.ActiveCfg = Debug|Any CPU
		{C1943F2A-90DA-42C7-864A-B5C950E58EB5}.Debug|ARM64.Build.0 = Debug|Any CPU
		{C1943F2A-90DA-42C7-864A-B5C950E58EB5}.Debug|iPhone.ActiveCfg = Debug|Any CPU
		{C1943F2A-90DA-42C7-864A-B5C950E58EB5}.Debug|iPhone.Build.0 = Debug|Any CPU
		{C1943F2A-90DA-42C7-864A-B5C950E58EB5}.Debug|iPhoneSimulator.ActiveCfg = Debug|Any CPU
		{C1943F2A-90DA-42C7-864A-B5C950E58EB5}.Debug|iPhoneSimulator.Build.0 = Debug|Any CPU
		{C1943F2A-90DA-42C7-864A-B5C950E58EB5}.Debug|x64.ActiveCfg = Debug|Any CPU
		{C1943F2A-90DA-42C7-864A-B5C950E58EB5}.Debug|x64.Build.0 = Debug|Any CPU
		{C1943F2A-90DA-42C7-864A-B5C950E58EB5}.Debug|x86.ActiveCfg = Debug|Any CPU
		{C1943F2A-90DA-42C7-864A-B5C950E58EB5}.Debug|x86.Build.0 = Debug|Any CPU
		{C1943F2A-90DA-42C7-864A-B5C950E58EB5}.Release|Any CPU.ActiveCfg = Release|Any CPU
		{C1943F2A-90DA-42C7-864A-B5C950E58EB5}.Release|Any CPU.Build.0 = Release|Any CPU
		{C1943F2A-90DA-42C7-864A-B5C950E58EB5}.Release|ARM.ActiveCfg = Release|Any CPU
		{C1943F2A-90DA-42C7-864A-B5C950E58EB5}.Release|ARM.Build.0 = Release|Any CPU
		{C1943F2A-90DA-42C7-864A-B5C950E58EB5}.Release|ARM64.ActiveCfg = Release|Any CPU
		{C1943F2A-90DA-42C7-864A-B5C950E58EB5}.Release|ARM64.Build.0 = Release|Any CPU
		{C1943F2A-90DA-42C7-864A-B5C950E58EB5}.Release|iPhone.ActiveCfg = Release|Any CPU
		{C1943F2A-90DA-42C7-864A-B5C950E58EB5}.Release|iPhone.Build.0 = Release|Any CPU
		{C1943F2A-90DA-42C7-864A-B5C950E58EB5}.Release|iPhoneSimulator.ActiveCfg = Release|Any CPU
		{C1943F2A-90DA-42C7-864A-B5C950E58EB5}.Release|iPhoneSimulator.Build.0 = Release|Any CPU
		{C1943F2A-90DA-42C7-864A-B5C950E58EB5}.Release|x64.ActiveCfg = Release|Any CPU
		{C1943F2A-90DA-42C7-864A-B5C950E58EB5}.Release|x64.Build.0 = Release|Any CPU
		{C1943F2A-90DA-42C7-864A-B5C950E58EB5}.Release|x86.ActiveCfg = Release|Any CPU
		{C1943F2A-90DA-42C7-864A-B5C950E58EB5}.Release|x86.Build.0 = Release|Any CPU
		{F1DA5D8F-91AC-4B27-B749-9081CB88BA4A}.Ad-Hoc|Any CPU.ActiveCfg = Debug|Any CPU
		{F1DA5D8F-91AC-4B27-B749-9081CB88BA4A}.Ad-Hoc|Any CPU.Build.0 = Debug|Any CPU
		{F1DA5D8F-91AC-4B27-B749-9081CB88BA4A}.Ad-Hoc|ARM.ActiveCfg = Debug|Any CPU
		{F1DA5D8F-91AC-4B27-B749-9081CB88BA4A}.Ad-Hoc|ARM.Build.0 = Debug|Any CPU
		{F1DA5D8F-91AC-4B27-B749-9081CB88BA4A}.Ad-Hoc|ARM64.ActiveCfg = Debug|Any CPU
		{F1DA5D8F-91AC-4B27-B749-9081CB88BA4A}.Ad-Hoc|ARM64.Build.0 = Debug|Any CPU
		{F1DA5D8F-91AC-4B27-B749-9081CB88BA4A}.Ad-Hoc|iPhone.ActiveCfg = Debug|Any CPU
		{F1DA5D8F-91AC-4B27-B749-9081CB88BA4A}.Ad-Hoc|iPhone.Build.0 = Debug|Any CPU
		{F1DA5D8F-91AC-4B27-B749-9081CB88BA4A}.Ad-Hoc|iPhoneSimulator.ActiveCfg = Debug|Any CPU
		{F1DA5D8F-91AC-4B27-B749-9081CB88BA4A}.Ad-Hoc|iPhoneSimulator.Build.0 = Debug|Any CPU
		{F1DA5D8F-91AC-4B27-B749-9081CB88BA4A}.Ad-Hoc|x64.ActiveCfg = Debug|Any CPU
		{F1DA5D8F-91AC-4B27-B749-9081CB88BA4A}.Ad-Hoc|x64.Build.0 = Debug|Any CPU
		{F1DA5D8F-91AC-4B27-B749-9081CB88BA4A}.Ad-Hoc|x86.ActiveCfg = Debug|Any CPU
		{F1DA5D8F-91AC-4B27-B749-9081CB88BA4A}.Ad-Hoc|x86.Build.0 = Debug|Any CPU
		{F1DA5D8F-91AC-4B27-B749-9081CB88BA4A}.AppStore|Any CPU.ActiveCfg = Debug|Any CPU
		{F1DA5D8F-91AC-4B27-B749-9081CB88BA4A}.AppStore|Any CPU.Build.0 = Debug|Any CPU
		{F1DA5D8F-91AC-4B27-B749-9081CB88BA4A}.AppStore|ARM.ActiveCfg = Debug|Any CPU
		{F1DA5D8F-91AC-4B27-B749-9081CB88BA4A}.AppStore|ARM.Build.0 = Debug|Any CPU
		{F1DA5D8F-91AC-4B27-B749-9081CB88BA4A}.AppStore|ARM64.ActiveCfg = Debug|Any CPU
		{F1DA5D8F-91AC-4B27-B749-9081CB88BA4A}.AppStore|ARM64.Build.0 = Debug|Any CPU
		{F1DA5D8F-91AC-4B27-B749-9081CB88BA4A}.AppStore|iPhone.ActiveCfg = Debug|Any CPU
		{F1DA5D8F-91AC-4B27-B749-9081CB88BA4A}.AppStore|iPhone.Build.0 = Debug|Any CPU
		{F1DA5D8F-91AC-4B27-B749-9081CB88BA4A}.AppStore|iPhoneSimulator.ActiveCfg = Debug|Any CPU
		{F1DA5D8F-91AC-4B27-B749-9081CB88BA4A}.AppStore|iPhoneSimulator.Build.0 = Debug|Any CPU
		{F1DA5D8F-91AC-4B27-B749-9081CB88BA4A}.AppStore|x64.ActiveCfg = Debug|Any CPU
		{F1DA5D8F-91AC-4B27-B749-9081CB88BA4A}.AppStore|x64.Build.0 = Debug|Any CPU
		{F1DA5D8F-91AC-4B27-B749-9081CB88BA4A}.AppStore|x86.ActiveCfg = Debug|Any CPU
		{F1DA5D8F-91AC-4B27-B749-9081CB88BA4A}.AppStore|x86.Build.0 = Debug|Any CPU
		{F1DA5D8F-91AC-4B27-B749-9081CB88BA4A}.Debug|Any CPU.ActiveCfg = Debug|Any CPU
		{F1DA5D8F-91AC-4B27-B749-9081CB88BA4A}.Debug|Any CPU.Build.0 = Debug|Any CPU
		{F1DA5D8F-91AC-4B27-B749-9081CB88BA4A}.Debug|ARM.ActiveCfg = Debug|Any CPU
		{F1DA5D8F-91AC-4B27-B749-9081CB88BA4A}.Debug|ARM.Build.0 = Debug|Any CPU
		{F1DA5D8F-91AC-4B27-B749-9081CB88BA4A}.Debug|ARM64.ActiveCfg = Debug|Any CPU
		{F1DA5D8F-91AC-4B27-B749-9081CB88BA4A}.Debug|ARM64.Build.0 = Debug|Any CPU
		{F1DA5D8F-91AC-4B27-B749-9081CB88BA4A}.Debug|iPhone.ActiveCfg = Debug|Any CPU
		{F1DA5D8F-91AC-4B27-B749-9081CB88BA4A}.Debug|iPhone.Build.0 = Debug|Any CPU
		{F1DA5D8F-91AC-4B27-B749-9081CB88BA4A}.Debug|iPhoneSimulator.ActiveCfg = Debug|Any CPU
		{F1DA5D8F-91AC-4B27-B749-9081CB88BA4A}.Debug|iPhoneSimulator.Build.0 = Debug|Any CPU
		{F1DA5D8F-91AC-4B27-B749-9081CB88BA4A}.Debug|x64.ActiveCfg = Debug|Any CPU
		{F1DA5D8F-91AC-4B27-B749-9081CB88BA4A}.Debug|x64.Build.0 = Debug|Any CPU
		{F1DA5D8F-91AC-4B27-B749-9081CB88BA4A}.Debug|x86.ActiveCfg = Debug|Any CPU
		{F1DA5D8F-91AC-4B27-B749-9081CB88BA4A}.Debug|x86.Build.0 = Debug|Any CPU
		{F1DA5D8F-91AC-4B27-B749-9081CB88BA4A}.Release|Any CPU.ActiveCfg = Release|Any CPU
		{F1DA5D8F-91AC-4B27-B749-9081CB88BA4A}.Release|Any CPU.Build.0 = Release|Any CPU
		{F1DA5D8F-91AC-4B27-B749-9081CB88BA4A}.Release|ARM.ActiveCfg = Release|Any CPU
		{F1DA5D8F-91AC-4B27-B749-9081CB88BA4A}.Release|ARM.Build.0 = Release|Any CPU
		{F1DA5D8F-91AC-4B27-B749-9081CB88BA4A}.Release|ARM64.ActiveCfg = Release|Any CPU
		{F1DA5D8F-91AC-4B27-B749-9081CB88BA4A}.Release|ARM64.Build.0 = Release|Any CPU
		{F1DA5D8F-91AC-4B27-B749-9081CB88BA4A}.Release|iPhone.ActiveCfg = Release|Any CPU
		{F1DA5D8F-91AC-4B27-B749-9081CB88BA4A}.Release|iPhone.Build.0 = Release|Any CPU
		{F1DA5D8F-91AC-4B27-B749-9081CB88BA4A}.Release|iPhoneSimulator.ActiveCfg = Release|Any CPU
		{F1DA5D8F-91AC-4B27-B749-9081CB88BA4A}.Release|iPhoneSimulator.Build.0 = Release|Any CPU
		{F1DA5D8F-91AC-4B27-B749-9081CB88BA4A}.Release|x64.ActiveCfg = Release|Any CPU
		{F1DA5D8F-91AC-4B27-B749-9081CB88BA4A}.Release|x64.Build.0 = Release|Any CPU
		{F1DA5D8F-91AC-4B27-B749-9081CB88BA4A}.Release|x86.ActiveCfg = Release|Any CPU
		{F1DA5D8F-91AC-4B27-B749-9081CB88BA4A}.Release|x86.Build.0 = Release|Any CPU
		{E48188D4-B899-44C1-89F6-0501CE8B701D}.Ad-Hoc|Any CPU.ActiveCfg = Debug|Any CPU
		{E48188D4-B899-44C1-89F6-0501CE8B701D}.Ad-Hoc|Any CPU.Build.0 = Debug|Any CPU
		{E48188D4-B899-44C1-89F6-0501CE8B701D}.Ad-Hoc|ARM.ActiveCfg = Debug|Any CPU
		{E48188D4-B899-44C1-89F6-0501CE8B701D}.Ad-Hoc|ARM.Build.0 = Debug|Any CPU
		{E48188D4-B899-44C1-89F6-0501CE8B701D}.Ad-Hoc|ARM64.ActiveCfg = Debug|Any CPU
		{E48188D4-B899-44C1-89F6-0501CE8B701D}.Ad-Hoc|ARM64.Build.0 = Debug|Any CPU
		{E48188D4-B899-44C1-89F6-0501CE8B701D}.Ad-Hoc|iPhone.ActiveCfg = Debug|Any CPU
		{E48188D4-B899-44C1-89F6-0501CE8B701D}.Ad-Hoc|iPhone.Build.0 = Debug|Any CPU
		{E48188D4-B899-44C1-89F6-0501CE8B701D}.Ad-Hoc|iPhoneSimulator.ActiveCfg = Debug|Any CPU
		{E48188D4-B899-44C1-89F6-0501CE8B701D}.Ad-Hoc|iPhoneSimulator.Build.0 = Debug|Any CPU
		{E48188D4-B899-44C1-89F6-0501CE8B701D}.Ad-Hoc|x64.ActiveCfg = Debug|Any CPU
		{E48188D4-B899-44C1-89F6-0501CE8B701D}.Ad-Hoc|x64.Build.0 = Debug|Any CPU
		{E48188D4-B899-44C1-89F6-0501CE8B701D}.Ad-Hoc|x86.ActiveCfg = Debug|Any CPU
		{E48188D4-B899-44C1-89F6-0501CE8B701D}.Ad-Hoc|x86.Build.0 = Debug|Any CPU
		{E48188D4-B899-44C1-89F6-0501CE8B701D}.AppStore|Any CPU.ActiveCfg = Debug|Any CPU
		{E48188D4-B899-44C1-89F6-0501CE8B701D}.AppStore|Any CPU.Build.0 = Debug|Any CPU
		{E48188D4-B899-44C1-89F6-0501CE8B701D}.AppStore|ARM.ActiveCfg = Debug|Any CPU
		{E48188D4-B899-44C1-89F6-0501CE8B701D}.AppStore|ARM.Build.0 = Debug|Any CPU
		{E48188D4-B899-44C1-89F6-0501CE8B701D}.AppStore|ARM64.ActiveCfg = Debug|Any CPU
		{E48188D4-B899-44C1-89F6-0501CE8B701D}.AppStore|ARM64.Build.0 = Debug|Any CPU
		{E48188D4-B899-44C1-89F6-0501CE8B701D}.AppStore|iPhone.ActiveCfg = Debug|Any CPU
		{E48188D4-B899-44C1-89F6-0501CE8B701D}.AppStore|iPhone.Build.0 = Debug|Any CPU
		{E48188D4-B899-44C1-89F6-0501CE8B701D}.AppStore|iPhoneSimulator.ActiveCfg = Debug|Any CPU
		{E48188D4-B899-44C1-89F6-0501CE8B701D}.AppStore|iPhoneSimulator.Build.0 = Debug|Any CPU
		{E48188D4-B899-44C1-89F6-0501CE8B701D}.AppStore|x64.ActiveCfg = Debug|Any CPU
		{E48188D4-B899-44C1-89F6-0501CE8B701D}.AppStore|x64.Build.0 = Debug|Any CPU
		{E48188D4-B899-44C1-89F6-0501CE8B701D}.AppStore|x86.ActiveCfg = Debug|Any CPU
		{E48188D4-B899-44C1-89F6-0501CE8B701D}.AppStore|x86.Build.0 = Debug|Any CPU
		{E48188D4-B899-44C1-89F6-0501CE8B701D}.Debug|Any CPU.ActiveCfg = Debug|Any CPU
		{E48188D4-B899-44C1-89F6-0501CE8B701D}.Debug|Any CPU.Build.0 = Debug|Any CPU
		{E48188D4-B899-44C1-89F6-0501CE8B701D}.Debug|ARM.ActiveCfg = Debug|Any CPU
		{E48188D4-B899-44C1-89F6-0501CE8B701D}.Debug|ARM.Build.0 = Debug|Any CPU
		{E48188D4-B899-44C1-89F6-0501CE8B701D}.Debug|ARM64.ActiveCfg = Debug|Any CPU
		{E48188D4-B899-44C1-89F6-0501CE8B701D}.Debug|ARM64.Build.0 = Debug|Any CPU
		{E48188D4-B899-44C1-89F6-0501CE8B701D}.Debug|iPhone.ActiveCfg = Debug|Any CPU
		{E48188D4-B899-44C1-89F6-0501CE8B701D}.Debug|iPhone.Build.0 = Debug|Any CPU
		{E48188D4-B899-44C1-89F6-0501CE8B701D}.Debug|iPhoneSimulator.ActiveCfg = Debug|Any CPU
		{E48188D4-B899-44C1-89F6-0501CE8B701D}.Debug|iPhoneSimulator.Build.0 = Debug|Any CPU
		{E48188D4-B899-44C1-89F6-0501CE8B701D}.Debug|x64.ActiveCfg = Debug|Any CPU
		{E48188D4-B899-44C1-89F6-0501CE8B701D}.Debug|x64.Build.0 = Debug|Any CPU
		{E48188D4-B899-44C1-89F6-0501CE8B701D}.Debug|x86.ActiveCfg = Debug|Any CPU
		{E48188D4-B899-44C1-89F6-0501CE8B701D}.Debug|x86.Build.0 = Debug|Any CPU
		{E48188D4-B899-44C1-89F6-0501CE8B701D}.Release|Any CPU.ActiveCfg = Release|Any CPU
		{E48188D4-B899-44C1-89F6-0501CE8B701D}.Release|Any CPU.Build.0 = Release|Any CPU
		{E48188D4-B899-44C1-89F6-0501CE8B701D}.Release|ARM.ActiveCfg = Release|Any CPU
		{E48188D4-B899-44C1-89F6-0501CE8B701D}.Release|ARM.Build.0 = Release|Any CPU
		{E48188D4-B899-44C1-89F6-0501CE8B701D}.Release|ARM64.ActiveCfg = Release|Any CPU
		{E48188D4-B899-44C1-89F6-0501CE8B701D}.Release|ARM64.Build.0 = Release|Any CPU
		{E48188D4-B899-44C1-89F6-0501CE8B701D}.Release|iPhone.ActiveCfg = Release|Any CPU
		{E48188D4-B899-44C1-89F6-0501CE8B701D}.Release|iPhone.Build.0 = Release|Any CPU
		{E48188D4-B899-44C1-89F6-0501CE8B701D}.Release|iPhoneSimulator.ActiveCfg = Release|Any CPU
		{E48188D4-B899-44C1-89F6-0501CE8B701D}.Release|iPhoneSimulator.Build.0 = Release|Any CPU
		{E48188D4-B899-44C1-89F6-0501CE8B701D}.Release|x64.ActiveCfg = Release|Any CPU
		{E48188D4-B899-44C1-89F6-0501CE8B701D}.Release|x64.Build.0 = Release|Any CPU
		{E48188D4-B899-44C1-89F6-0501CE8B701D}.Release|x86.ActiveCfg = Release|Any CPU
		{E48188D4-B899-44C1-89F6-0501CE8B701D}.Release|x86.Build.0 = Release|Any CPU
		{B4CD5051-DD2D-4F84-83CA-E7FBDC01924B}.Ad-Hoc|Any CPU.ActiveCfg = Debug|Any CPU
		{B4CD5051-DD2D-4F84-83CA-E7FBDC01924B}.Ad-Hoc|Any CPU.Build.0 = Debug|Any CPU
		{B4CD5051-DD2D-4F84-83CA-E7FBDC01924B}.Ad-Hoc|ARM.ActiveCfg = Debug|Any CPU
		{B4CD5051-DD2D-4F84-83CA-E7FBDC01924B}.Ad-Hoc|ARM.Build.0 = Debug|Any CPU
		{B4CD5051-DD2D-4F84-83CA-E7FBDC01924B}.Ad-Hoc|ARM64.ActiveCfg = Debug|Any CPU
		{B4CD5051-DD2D-4F84-83CA-E7FBDC01924B}.Ad-Hoc|ARM64.Build.0 = Debug|Any CPU
		{B4CD5051-DD2D-4F84-83CA-E7FBDC01924B}.Ad-Hoc|iPhone.ActiveCfg = Debug|Any CPU
		{B4CD5051-DD2D-4F84-83CA-E7FBDC01924B}.Ad-Hoc|iPhone.Build.0 = Debug|Any CPU
		{B4CD5051-DD2D-4F84-83CA-E7FBDC01924B}.Ad-Hoc|iPhoneSimulator.ActiveCfg = Debug|Any CPU
		{B4CD5051-DD2D-4F84-83CA-E7FBDC01924B}.Ad-Hoc|iPhoneSimulator.Build.0 = Debug|Any CPU
		{B4CD5051-DD2D-4F84-83CA-E7FBDC01924B}.Ad-Hoc|x64.ActiveCfg = Debug|Any CPU
		{B4CD5051-DD2D-4F84-83CA-E7FBDC01924B}.Ad-Hoc|x64.Build.0 = Debug|Any CPU
		{B4CD5051-DD2D-4F84-83CA-E7FBDC01924B}.Ad-Hoc|x86.ActiveCfg = Debug|Any CPU
		{B4CD5051-DD2D-4F84-83CA-E7FBDC01924B}.Ad-Hoc|x86.Build.0 = Debug|Any CPU
		{B4CD5051-DD2D-4F84-83CA-E7FBDC01924B}.AppStore|Any CPU.ActiveCfg = Debug|Any CPU
		{B4CD5051-DD2D-4F84-83CA-E7FBDC01924B}.AppStore|Any CPU.Build.0 = Debug|Any CPU
		{B4CD5051-DD2D-4F84-83CA-E7FBDC01924B}.AppStore|ARM.ActiveCfg = Debug|Any CPU
		{B4CD5051-DD2D-4F84-83CA-E7FBDC01924B}.AppStore|ARM.Build.0 = Debug|Any CPU
		{B4CD5051-DD2D-4F84-83CA-E7FBDC01924B}.AppStore|ARM64.ActiveCfg = Debug|Any CPU
		{B4CD5051-DD2D-4F84-83CA-E7FBDC01924B}.AppStore|ARM64.Build.0 = Debug|Any CPU
		{B4CD5051-DD2D-4F84-83CA-E7FBDC01924B}.AppStore|iPhone.ActiveCfg = Debug|Any CPU
		{B4CD5051-DD2D-4F84-83CA-E7FBDC01924B}.AppStore|iPhone.Build.0 = Debug|Any CPU
		{B4CD5051-DD2D-4F84-83CA-E7FBDC01924B}.AppStore|iPhoneSimulator.ActiveCfg = Debug|Any CPU
		{B4CD5051-DD2D-4F84-83CA-E7FBDC01924B}.AppStore|iPhoneSimulator.Build.0 = Debug|Any CPU
		{B4CD5051-DD2D-4F84-83CA-E7FBDC01924B}.AppStore|x64.ActiveCfg = Debug|Any CPU
		{B4CD5051-DD2D-4F84-83CA-E7FBDC01924B}.AppStore|x64.Build.0 = Debug|Any CPU
		{B4CD5051-DD2D-4F84-83CA-E7FBDC01924B}.AppStore|x86.ActiveCfg = Debug|Any CPU
		{B4CD5051-DD2D-4F84-83CA-E7FBDC01924B}.AppStore|x86.Build.0 = Debug|Any CPU
		{B4CD5051-DD2D-4F84-83CA-E7FBDC01924B}.Debug|Any CPU.ActiveCfg = Debug|Any CPU
		{B4CD5051-DD2D-4F84-83CA-E7FBDC01924B}.Debug|Any CPU.Build.0 = Debug|Any CPU
		{B4CD5051-DD2D-4F84-83CA-E7FBDC01924B}.Debug|ARM.ActiveCfg = Debug|Any CPU
		{B4CD5051-DD2D-4F84-83CA-E7FBDC01924B}.Debug|ARM.Build.0 = Debug|Any CPU
		{B4CD5051-DD2D-4F84-83CA-E7FBDC01924B}.Debug|ARM64.ActiveCfg = Debug|Any CPU
		{B4CD5051-DD2D-4F84-83CA-E7FBDC01924B}.Debug|ARM64.Build.0 = Debug|Any CPU
		{B4CD5051-DD2D-4F84-83CA-E7FBDC01924B}.Debug|iPhone.ActiveCfg = Debug|Any CPU
		{B4CD5051-DD2D-4F84-83CA-E7FBDC01924B}.Debug|iPhone.Build.0 = Debug|Any CPU
		{B4CD5051-DD2D-4F84-83CA-E7FBDC01924B}.Debug|iPhoneSimulator.ActiveCfg = Debug|Any CPU
		{B4CD5051-DD2D-4F84-83CA-E7FBDC01924B}.Debug|iPhoneSimulator.Build.0 = Debug|Any CPU
		{B4CD5051-DD2D-4F84-83CA-E7FBDC01924B}.Debug|x64.ActiveCfg = Debug|Any CPU
		{B4CD5051-DD2D-4F84-83CA-E7FBDC01924B}.Debug|x64.Build.0 = Debug|Any CPU
		{B4CD5051-DD2D-4F84-83CA-E7FBDC01924B}.Debug|x86.ActiveCfg = Debug|Any CPU
		{B4CD5051-DD2D-4F84-83CA-E7FBDC01924B}.Debug|x86.Build.0 = Debug|Any CPU
		{B4CD5051-DD2D-4F84-83CA-E7FBDC01924B}.Release|Any CPU.ActiveCfg = Release|Any CPU
		{B4CD5051-DD2D-4F84-83CA-E7FBDC01924B}.Release|Any CPU.Build.0 = Release|Any CPU
		{B4CD5051-DD2D-4F84-83CA-E7FBDC01924B}.Release|ARM.ActiveCfg = Release|Any CPU
		{B4CD5051-DD2D-4F84-83CA-E7FBDC01924B}.Release|ARM.Build.0 = Release|Any CPU
		{B4CD5051-DD2D-4F84-83CA-E7FBDC01924B}.Release|ARM64.ActiveCfg = Release|Any CPU
		{B4CD5051-DD2D-4F84-83CA-E7FBDC01924B}.Release|ARM64.Build.0 = Release|Any CPU
		{B4CD5051-DD2D-4F84-83CA-E7FBDC01924B}.Release|iPhone.ActiveCfg = Release|Any CPU
		{B4CD5051-DD2D-4F84-83CA-E7FBDC01924B}.Release|iPhone.Build.0 = Release|Any CPU
		{B4CD5051-DD2D-4F84-83CA-E7FBDC01924B}.Release|iPhoneSimulator.ActiveCfg = Release|Any CPU
		{B4CD5051-DD2D-4F84-83CA-E7FBDC01924B}.Release|iPhoneSimulator.Build.0 = Release|Any CPU
		{B4CD5051-DD2D-4F84-83CA-E7FBDC01924B}.Release|x64.ActiveCfg = Release|Any CPU
		{B4CD5051-DD2D-4F84-83CA-E7FBDC01924B}.Release|x64.Build.0 = Release|Any CPU
		{B4CD5051-DD2D-4F84-83CA-E7FBDC01924B}.Release|x86.ActiveCfg = Release|Any CPU
		{B4CD5051-DD2D-4F84-83CA-E7FBDC01924B}.Release|x86.Build.0 = Release|Any CPU
	EndGlobalSection
	GlobalSection(SolutionProperties) = preSolution
		HideSolutionNode = FALSE
	EndGlobalSection
	GlobalSection(NestedProjects) = preSolution
		{DAAE7883-A6E4-485A-B207-AC665C1343D1} = {0A949665-4553-4F80-9D94-B8BC10C33D09}
		{814BC377-A3E5-43B0-85D4-A5FF004B314D} = {0A949665-4553-4F80-9D94-B8BC10C33D09}
		{42C61740-BCC1-4608-8CA7-4899940F3E42} = {0A949665-4553-4F80-9D94-B8BC10C33D09}
		{F1ACC680-4A59-44FC-9592-95D9ECD41C06} = {0A949665-4553-4F80-9D94-B8BC10C33D09}
		{F074663F-3F65-4036-AE1A-95D1A2564D17} = {0A949665-4553-4F80-9D94-B8BC10C33D09}
		{AA399155-C119-4810-901B-D072BC50210D} = {0A949665-4553-4F80-9D94-B8BC10C33D09}
		{C1943F2A-90DA-42C7-864A-B5C950E58EB5} = {0A949665-4553-4F80-9D94-B8BC10C33D09}
		{F1DA5D8F-91AC-4B27-B749-9081CB88BA4A} = {0A949665-4553-4F80-9D94-B8BC10C33D09}
		{E48188D4-B899-44C1-89F6-0501CE8B701D} = {0A949665-4553-4F80-9D94-B8BC10C33D09}
	EndGlobalSection
	GlobalSection(ExtensibilityGlobals) = postSolution
		SolutionGuid = {A6FF47B6-6A93-4942-A4A2-725367E76DB3}
	EndGlobalSection
EndGlobal
